// !$*UTF8*$!
{
	archiveVersion = 1;
	classes = {
	};
	objectVersion = 56;
	objects = {

/* Begin PBXBuildFile section */
		076AB0C72BA2BE2200142F2F /* WidgetKit.framework in Frameworks */ = {isa = PBXBuildFile; fileRef = 076AB0C62BA2BE2200142F2F /* WidgetKit.framework */; };
		076AB0C92BA2BE2200142F2F /* SwiftUI.framework in Frameworks */ = {isa = PBXBuildFile; fileRef = 076AB0C82BA2BE2200142F2F /* SwiftUI.framework */; };
		076AB0CC2BA2BE2200142F2F /* TodoListBundle.swift in Sources */ = {isa = PBXBuildFile; fileRef = 076AB0CB2BA2BE2200142F2F /* TodoListBundle.swift */; };
		076AB0CE2BA2BE2200142F2F /* TodoList.swift in Sources */ = {isa = PBXBuildFile; fileRef = 076AB0CD2BA2BE2200142F2F /* TodoList.swift */; };
		076AB0D02BA2BE2200142F2F /* AppIntent.swift in Sources */ = {isa = PBXBuildFile; fileRef = 076AB0CF2BA2BE2200142F2F /* AppIntent.swift */; };
		076AB0D22BA2BE2400142F2F /* Assets.xcassets in Resources */ = {isa = PBXBuildFile; fileRef = 076AB0D12BA2BE2400142F2F /* Assets.xcassets */; };
		076AB0D72BA2BE2400142F2F /* TodoListExtension.appex in Embed Foundation Extensions */ = {isa = PBXBuildFile; fileRef = 076AB0C42BA2BE2200142F2F /* TodoListExtension.appex */; settings = {ATTRIBUTES = (RemoveHeadersOnCopy, ); }; };
		076AB0DC2BA2C66E00142F2F /* Todo.swift in Sources */ = {isa = PBXBuildFile; fileRef = 07D03BDD2BA16BDF002D7F86 /* Todo.swift */; };
		07D03BCF2BA16A6D002D7F86 /* TodoApp.swift in Sources */ = {isa = PBXBuildFile; fileRef = 07D03BCE2BA16A6D002D7F86 /* TodoApp.swift */; };
		07D03BD12BA16A6D002D7F86 /* ContentView.swift in Sources */ = {isa = PBXBuildFile; fileRef = 07D03BD02BA16A6D002D7F86 /* ContentView.swift */; };
		07D03BD32BA16A70002D7F86 /* Assets.xcassets in Resources */ = {isa = PBXBuildFile; fileRef = 07D03BD22BA16A70002D7F86 /* Assets.xcassets */; };
		07D03BD62BA16A70002D7F86 /* Preview Assets.xcassets in Resources */ = {isa = PBXBuildFile; fileRef = 07D03BD52BA16A70002D7F86 /* Preview Assets.xcassets */; };
		07D03BDE2BA16BDF002D7F86 /* Todo.swift in Sources */ = {isa = PBXBuildFile; fileRef = 07D03BDD2BA16BDF002D7F86 /* Todo.swift */; };
		07D03BE12BA17363002D7F86 /* Home.swift in Sources */ = {isa = PBXBuildFile; fileRef = 07D03BE02BA17363002D7F86 /* Home.swift */; };
		07D03BE32BA176EE002D7F86 /* CompletedTodoList.swift in Sources */ = {isa = PBXBuildFile; fileRef = 07D03BE22BA176EE002D7F86 /* CompletedTodoList.swift */; };
		07D03BE52BA17B6E002D7F86 /* TodoRowView.swift in Sources */ = {isa = PBXBuildFile; fileRef = 07D03BE42BA17B6E002D7F86 /* TodoRowView.swift */; };
/* End PBXBuildFile section */

/* Begin PBXContainerItemProxy section */
		076AB0D52BA2BE2400142F2F /* PBXContainerItemProxy */ = {
			isa = PBXContainerItemProxy;
			containerPortal = 07D03BC32BA16A6D002D7F86 /* Project object */;
			proxyType = 1;
			remoteGlobalIDString = 076AB0C32BA2BE2200142F2F;
			remoteInfo = TodoListExtension;
		};
/* End PBXContainerItemProxy section */

/* Begin PBXCopyFilesBuildPhase section */
		076AB0D82BA2BE2400142F2F /* Embed Foundation Extensions */ = {
			isa = PBXCopyFilesBuildPhase;
			buildActionMask = 2147483647;
			dstPath = "";
			dstSubfolderSpec = 13;
			files = (
				076AB0D72BA2BE2400142F2F /* TodoListExtension.appex in Embed Foundation Extensions */,
			);
			name = "Embed Foundation Extensions";
			runOnlyForDeploymentPostprocessing = 0;
		};
/* End PBXCopyFilesBuildPhase section */

/* Begin PBXFileReference section */
		076AB0C42BA2BE2200142F2F /* TodoListExtension.appex */ = {isa = PBXFileReference; explicitFileType = "wrapper.app-extension"; includeInIndex = 0; path = TodoListExtension.appex; sourceTree = BUILT_PRODUCTS_DIR; };
		076AB0C62BA2BE2200142F2F /* WidgetKit.framework */ = {isa = PBXFileReference; lastKnownFileType = wrapper.framework; name = WidgetKit.framework; path = /System/Library/Frameworks/WidgetKit.framework; sourceTree = "<absolute>"; };
		076AB0C82BA2BE2200142F2F /* SwiftUI.framework */ = {isa = PBXFileReference; lastKnownFileType = wrapper.framework; name = SwiftUI.framework; path = /System/Library/Frameworks/SwiftUI.framework; sourceTree = "<absolute>"; };
		076AB0CB2BA2BE2200142F2F /* TodoListBundle.swift */ = {isa = PBXFileReference; lastKnownFileType = sourcecode.swift; path = TodoListBundle.swift; sourceTree = "<group>"; };
		076AB0CD2BA2BE2200142F2F /* TodoList.swift */ = {isa = PBXFileReference; lastKnownFileType = sourcecode.swift; path = TodoList.swift; sourceTree = "<group>"; };
		076AB0CF2BA2BE2200142F2F /* AppIntent.swift */ = {isa = PBXFileReference; lastKnownFileType = sourcecode.swift; path = AppIntent.swift; sourceTree = "<group>"; };
		076AB0D12BA2BE2400142F2F /* Assets.xcassets */ = {isa = PBXFileReference; lastKnownFileType = folder.assetcatalog; path = Assets.xcassets; sourceTree = "<group>"; };
		076AB0D32BA2BE2400142F2F /* Info.plist */ = {isa = PBXFileReference; lastKnownFileType = text.plist.xml; path = Info.plist; sourceTree = "<group>"; };
		076AB0D42BA2BE2400142F2F /* TodoList.entitlements */ = {isa = PBXFileReference; lastKnownFileType = text.plist.entitlements; path = TodoList.entitlements; sourceTree = "<group>"; };
		076AB0DD2BA2C74E00142F2F /* Todo.entitlements */ = {isa = PBXFileReference; lastKnownFileType = text.plist.entitlements; path = Todo.entitlements; sourceTree = "<group>"; };
		07D03BCB2BA16A6D002D7F86 /* Todo.app */ = {isa = PBXFileReference; explicitFileType = wrapper.application; includeInIndex = 0; path = Todo.app; sourceTree = BUILT_PRODUCTS_DIR; };
		07D03BCE2BA16A6D002D7F86 /* TodoApp.swift */ = {isa = PBXFileReference; lastKnownFileType = sourcecode.swift; path = TodoApp.swift; sourceTree = "<group>"; };
		07D03BD02BA16A6D002D7F86 /* ContentView.swift */ = {isa = PBXFileReference; lastKnownFileType = sourcecode.swift; path = ContentView.swift; sourceTree = "<group>"; };
		07D03BD22BA16A70002D7F86 /* Assets.xcassets */ = {isa = PBXFileReference; lastKnownFileType = folder.assetcatalog; path = Assets.xcassets; sourceTree = "<group>"; };
		07D03BD52BA16A70002D7F86 /* Preview Assets.xcassets */ = {isa = PBXFileReference; lastKnownFileType = folder.assetcatalog; path = "Preview Assets.xcassets"; sourceTree = "<group>"; };
		07D03BDD2BA16BDF002D7F86 /* Todo.swift */ = {isa = PBXFileReference; lastKnownFileType = sourcecode.swift; path = Todo.swift; sourceTree = "<group>"; };
		07D03BE02BA17363002D7F86 /* Home.swift */ = {isa = PBXFileReference; lastKnownFileType = sourcecode.swift; path = Home.swift; sourceTree = "<group>"; };
		07D03BE22BA176EE002D7F86 /* CompletedTodoList.swift */ = {isa = PBXFileReference; lastKnownFileType = sourcecode.swift; path = CompletedTodoList.swift; sourceTree = "<group>"; };
		07D03BE42BA17B6E002D7F86 /* TodoRowView.swift */ = {isa = PBXFileReference; lastKnownFileType = sourcecode.swift; path = TodoRowView.swift; sourceTree = "<group>"; };
/* End PBXFileReference section */

/* Begin PBXFrameworksBuildPhase section */
		076AB0C12BA2BE2200142F2F /* Frameworks */ = {
			isa = PBXFrameworksBuildPhase;
			buildActionMask = 2147483647;
			files = (
				076AB0C92BA2BE2200142F2F /* SwiftUI.framework in Frameworks */,
				076AB0C72BA2BE2200142F2F /* WidgetKit.framework in Frameworks */,
			);
			runOnlyForDeploymentPostprocessing = 0;
		};
		07D03BC82BA16A6D002D7F86 /* Frameworks */ = {
			isa = PBXFrameworksBuildPhase;
			buildActionMask = 2147483647;
			files = (
			);
			runOnlyForDeploymentPostprocessing = 0;
		};
/* End PBXFrameworksBuildPhase section */

/* Begin PBXGroup section */
		076AB0C52BA2BE2200142F2F /* Frameworks */ = {
			isa = PBXGroup;
			children = (
				076AB0C62BA2BE2200142F2F /* WidgetKit.framework */,
				076AB0C82BA2BE2200142F2F /* SwiftUI.framework */,
			);
			name = Frameworks;
			sourceTree = "<group>";
		};
		076AB0CA2BA2BE2200142F2F /* TodoList */ = {
			isa = PBXGroup;
			children = (
				076AB0CB2BA2BE2200142F2F /* TodoListBundle.swift */,
				076AB0CD2BA2BE2200142F2F /* TodoList.swift */,
				076AB0CF2BA2BE2200142F2F /* AppIntent.swift */,
				076AB0D12BA2BE2400142F2F /* Assets.xcassets */,
				076AB0D32BA2BE2400142F2F /* Info.plist */,
				076AB0D42BA2BE2400142F2F /* TodoList.entitlements */,
			);
			path = TodoList;
			sourceTree = "<group>";
		};
		07D03BC22BA16A6D002D7F86 = {
			isa = PBXGroup;
			children = (
				07D03BCD2BA16A6D002D7F86 /* Todo */,
				076AB0CA2BA2BE2200142F2F /* TodoList */,
				076AB0C52BA2BE2200142F2F /* Frameworks */,
				07D03BCC2BA16A6D002D7F86 /* Products */,
			);
			sourceTree = "<group>";
		};
		07D03BCC2BA16A6D002D7F86 /* Products */ = {
			isa = PBXGroup;
			children = (
				07D03BCB2BA16A6D002D7F86 /* Todo.app */,
				076AB0C42BA2BE2200142F2F /* TodoListExtension.appex */,
			);
			name = Products;
			sourceTree = "<group>";
		};
		07D03BCD2BA16A6D002D7F86 /* Todo */ = {
			isa = PBXGroup;
			children = (
				076AB0DD2BA2C74E00142F2F /* Todo.entitlements */,
				07D03BDF2BA16F95002D7F86 /* View */,
				07D03BCE2BA16A6D002D7F86 /* TodoApp.swift */,
				07D03BD02BA16A6D002D7F86 /* ContentView.swift */,
				07D03BDC2BA16BCE002D7F86 /* Model */,
				07D03BD22BA16A70002D7F86 /* Assets.xcassets */,
				07D03BD42BA16A70002D7F86 /* Preview Content */,
			);
			path = Todo;
			sourceTree = "<group>";
		};
		07D03BD42BA16A70002D7F86 /* Preview Content */ = {
			isa = PBXGroup;
			children = (
				07D03BD52BA16A70002D7F86 /* Preview Assets.xcassets */,
			);
			path = "Preview Content";
			sourceTree = "<group>";
		};
		07D03BDC2BA16BCE002D7F86 /* Model */ = {
			isa = PBXGroup;
			children = (
				07D03BDD2BA16BDF002D7F86 /* Todo.swift */,
			);
			path = Model;
			sourceTree = "<group>";
		};
		07D03BDF2BA16F95002D7F86 /* View */ = {
			isa = PBXGroup;
			children = (
				07D03BE02BA17363002D7F86 /* Home.swift */,
				07D03BE22BA176EE002D7F86 /* CompletedTodoList.swift */,
				07D03BE42BA17B6E002D7F86 /* TodoRowView.swift */,
			);
			path = View;
			sourceTree = "<group>";
		};
/* End PBXGroup section */

/* Begin PBXNativeTarget section */
		076AB0C32BA2BE2200142F2F /* TodoListExtension */ = {
			isa = PBXNativeTarget;
			buildConfigurationList = 076AB0DB2BA2BE2400142F2F /* Build configuration list for PBXNativeTarget "TodoListExtension" */;
			buildPhases = (
				076AB0C02BA2BE2200142F2F /* Sources */,
				076AB0C12BA2BE2200142F2F /* Frameworks */,
				076AB0C22BA2BE2200142F2F /* Resources */,
			);
			buildRules = (
			);
			dependencies = (
			);
			name = TodoListExtension;
			productName = TodoListExtension;
			productReference = 076AB0C42BA2BE2200142F2F /* TodoListExtension.appex */;
			productType = "com.apple.product-type.app-extension";
		};
		07D03BCA2BA16A6D002D7F86 /* Todo */ = {
			isa = PBXNativeTarget;
			buildConfigurationList = 07D03BD92BA16A70002D7F86 /* Build configuration list for PBXNativeTarget "Todo" */;
			buildPhases = (
				07D03BC72BA16A6D002D7F86 /* Sources */,
				07D03BC82BA16A6D002D7F86 /* Frameworks */,
				07D03BC92BA16A6D002D7F86 /* Resources */,
				076AB0D82BA2BE2400142F2F /* Embed Foundation Extensions */,
			);
			buildRules = (
			);
			dependencies = (
				076AB0D62BA2BE2400142F2F /* PBXTargetDependency */,
			);
			name = Todo;
			productName = Todo;
			productReference = 07D03BCB2BA16A6D002D7F86 /* Todo.app */;
			productType = "com.apple.product-type.application";
		};
/* End PBXNativeTarget section */

/* Begin PBXProject section */
		07D03BC32BA16A6D002D7F86 /* Project object */ = {
			isa = PBXProject;
			attributes = {
				BuildIndependentTargetsInParallel = 1;
				LastSwiftUpdateCheck = 1520;
				LastUpgradeCheck = 1520;
				TargetAttributes = {
					076AB0C32BA2BE2200142F2F = {
						CreatedOnToolsVersion = 15.2;
					};
					07D03BCA2BA16A6D002D7F86 = {
						CreatedOnToolsVersion = 15.2;
					};
				};
			};
			buildConfigurationList = 07D03BC62BA16A6D002D7F86 /* Build configuration list for PBXProject "Todo" */;
			compatibilityVersion = "Xcode 14.0";
			developmentRegion = en;
			hasScannedForEncodings = 0;
			knownRegions = (
				en,
				Base,
			);
			mainGroup = 07D03BC22BA16A6D002D7F86;
			productRefGroup = 07D03BCC2BA16A6D002D7F86 /* Products */;
			projectDirPath = "";
			projectRoot = "";
			targets = (
				07D03BCA2BA16A6D002D7F86 /* Todo */,
				076AB0C32BA2BE2200142F2F /* TodoListExtension */,
			);
		};
/* End PBXProject section */

/* Begin PBXResourcesBuildPhase section */
		076AB0C22BA2BE2200142F2F /* Resources */ = {
			isa = PBXResourcesBuildPhase;
			buildActionMask = 2147483647;
			files = (
				076AB0D22BA2BE2400142F2F /* Assets.xcassets in Resources */,
			);
			runOnlyForDeploymentPostprocessing = 0;
		};
		07D03BC92BA16A6D002D7F86 /* Resources */ = {
			isa = PBXResourcesBuildPhase;
			buildActionMask = 2147483647;
			files = (
				07D03BD62BA16A70002D7F86 /* Preview Assets.xcassets in Resources */,
				07D03BD32BA16A70002D7F86 /* Assets.xcassets in Resources */,
			);
			runOnlyForDeploymentPostprocessing = 0;
		};
/* End PBXResourcesBuildPhase section */

/* Begin PBXSourcesBuildPhase section */
		076AB0C02BA2BE2200142F2F /* Sources */ = {
			isa = PBXSourcesBuildPhase;
			buildActionMask = 2147483647;
			files = (
				076AB0CC2BA2BE2200142F2F /* TodoListBundle.swift in Sources */,
				076AB0CE2BA2BE2200142F2F /* TodoList.swift in Sources */,
				076AB0D02BA2BE2200142F2F /* AppIntent.swift in Sources */,
				076AB0DC2BA2C66E00142F2F /* Todo.swift in Sources */,
			);
			runOnlyForDeploymentPostprocessing = 0;
		};
		07D03BC72BA16A6D002D7F86 /* Sources */ = {
			isa = PBXSourcesBuildPhase;
			buildActionMask = 2147483647;
			files = (
				07D03BD12BA16A6D002D7F86 /* ContentView.swift in Sources */,
				07D03BE52BA17B6E002D7F86 /* TodoRowView.swift in Sources */,
				07D03BE32BA176EE002D7F86 /* CompletedTodoList.swift in Sources */,
				07D03BDE2BA16BDF002D7F86 /* Todo.swift in Sources */,
				07D03BE12BA17363002D7F86 /* Home.swift in Sources */,
				07D03BCF2BA16A6D002D7F86 /* TodoApp.swift in Sources */,
			);
			runOnlyForDeploymentPostprocessing = 0;
		};
/* End PBXSourcesBuildPhase section */

/* Begin PBXTargetDependency section */
		076AB0D62BA2BE2400142F2F /* PBXTargetDependency */ = {
			isa = PBXTargetDependency;
			target = 076AB0C32BA2BE2200142F2F /* TodoListExtension */;
			targetProxy = 076AB0D52BA2BE2400142F2F /* PBXContainerItemProxy */;
		};
/* End PBXTargetDependency section */

/* Begin XCBuildConfiguration section */
		076AB0D92BA2BE2400142F2F /* Debug */ = {
			isa = XCBuildConfiguration;
			buildSettings = {
				ASSETCATALOG_COMPILER_GLOBAL_ACCENT_COLOR_NAME = AccentColor;
				ASSETCATALOG_COMPILER_WIDGET_BACKGROUND_COLOR_NAME = WidgetBackground;
				CODE_SIGN_ENTITLEMENTS = TodoList/TodoList.entitlements;
				CODE_SIGN_STYLE = Automatic;
				CURRENT_PROJECT_VERSION = 1;
				DEVELOPMENT_TEAM = V2Y44YUYV5;
				ENABLE_HARDENED_RUNTIME = YES;
				GENERATE_INFOPLIST_FILE = YES;
				INFOPLIST_FILE = TodoList/Info.plist;
				INFOPLIST_KEY_CFBundleDisplayName = TodoList;
				INFOPLIST_KEY_NSHumanReadableCopyright = "";
				IPHONEOS_DEPLOYMENT_TARGET = 17.2;
				LD_RUNPATH_SEARCH_PATHS = (
					"$(inherited)",
					"@executable_path/Frameworks",
					"@executable_path/../../Frameworks",
				);
				"LD_RUNPATH_SEARCH_PATHS[sdk=macosx*]" = (
					"$(inherited)",
					"@executable_path/../Frameworks",
					"@executable_path/../../../../Frameworks",
				);
				MACOSX_DEPLOYMENT_TARGET = 14.0;
				MARKETING_VERSION = 1.0;
				PRODUCT_BUNDLE_IDENTIFIER = com.sihyuuun.Todo.TodoList;
				PRODUCT_NAME = "$(TARGET_NAME)";
				SDKROOT = auto;
				SKIP_INSTALL = YES;
				SUPPORTED_PLATFORMS = "iphoneos iphonesimulator macosx";
				SWIFT_EMIT_LOC_STRINGS = YES;
				SWIFT_VERSION = 5.0;
				TARGETED_DEVICE_FAMILY = "1,2";
			};
			name = Debug;
		};
		076AB0DA2BA2BE2400142F2F /* Release */ = {
			isa = XCBuildConfiguration;
			buildSettings = {
				ASSETCATALOG_COMPILER_GLOBAL_ACCENT_COLOR_NAME = AccentColor;
				ASSETCATALOG_COMPILER_WIDGET_BACKGROUND_COLOR_NAME = WidgetBackground;
				CODE_SIGN_ENTITLEMENTS = TodoList/TodoList.entitlements;
				CODE_SIGN_STYLE = Automatic;
				CURRENT_PROJECT_VERSION = 1;
				DEVELOPMENT_TEAM = V2Y44YUYV5;
				ENABLE_HARDENED_RUNTIME = YES;
				GENERATE_INFOPLIST_FILE = YES;
				INFOPLIST_FILE = TodoList/Info.plist;
				INFOPLIST_KEY_CFBundleDisplayName = TodoList;
				INFOPLIST_KEY_NSHumanReadableCopyright = "";
				IPHONEOS_DEPLOYMENT_TARGET = 17.2;
				LD_RUNPATH_SEARCH_PATHS = (
					"$(inherited)",
					"@executable_path/Frameworks",
					"@executable_path/../../Frameworks",
				);
				"LD_RUNPATH_SEARCH_PATHS[sdk=macosx*]" = (
					"$(inherited)",
					"@executable_path/../Frameworks",
					"@executable_path/../../../../Frameworks",
				);
				MACOSX_DEPLOYMENT_TARGET = 14.0;
				MARKETING_VERSION = 1.0;
				PRODUCT_BUNDLE_IDENTIFIER = com.sihyuuun.Todo.TodoList;
				PRODUCT_NAME = "$(TARGET_NAME)";
				SDKROOT = auto;
				SKIP_INSTALL = YES;
				SUPPORTED_PLATFORMS = "iphoneos iphonesimulator macosx";
				SWIFT_EMIT_LOC_STRINGS = YES;
				SWIFT_VERSION = 5.0;
				TARGETED_DEVICE_FAMILY = "1,2";
			};
			name = Release;
		};
		07D03BD72BA16A70002D7F86 /* Debug */ = {
			isa = XCBuildConfiguration;
			buildSettings = {
				ALWAYS_SEARCH_USER_PATHS = NO;
				ASSETCATALOG_COMPILER_GENERATE_SWIFT_ASSET_SYMBOL_EXTENSIONS = YES;
				CLANG_ANALYZER_NONNULL = YES;
				CLANG_ANALYZER_NUMBER_OBJECT_CONVERSION = YES_AGGRESSIVE;
				CLANG_CXX_LANGUAGE_STANDARD = "gnu++20";
				CLANG_ENABLE_MODULES = YES;
				CLANG_ENABLE_OBJC_ARC = YES;
				CLANG_ENABLE_OBJC_WEAK = YES;
				CLANG_WARN_BLOCK_CAPTURE_AUTORELEASING = YES;
				CLANG_WARN_BOOL_CONVERSION = YES;
				CLANG_WARN_COMMA = YES;
				CLANG_WARN_CONSTANT_CONVERSION = YES;
				CLANG_WARN_DEPRECATED_OBJC_IMPLEMENTATIONS = YES;
				CLANG_WARN_DIRECT_OBJC_ISA_USAGE = YES_ERROR;
				CLANG_WARN_DOCUMENTATION_COMMENTS = YES;
				CLANG_WARN_EMPTY_BODY = YES;
				CLANG_WARN_ENUM_CONVERSION = YES;
				CLANG_WARN_INFINITE_RECURSION = YES;
				CLANG_WARN_INT_CONVERSION = YES;
				CLANG_WARN_NON_LITERAL_NULL_CONVERSION = YES;
				CLANG_WARN_OBJC_IMPLICIT_RETAIN_SELF = YES;
				CLANG_WARN_OBJC_LITERAL_CONVERSION = YES;
				CLANG_WARN_OBJC_ROOT_CLASS = YES_ERROR;
				CLANG_WARN_QUOTED_INCLUDE_IN_FRAMEWORK_HEADER = YES;
				CLANG_WARN_RANGE_LOOP_ANALYSIS = YES;
				CLANG_WARN_STRICT_PROTOTYPES = YES;
				CLANG_WARN_SUSPICIOUS_MOVE = YES;
				CLANG_WARN_UNGUARDED_AVAILABILITY = YES_AGGRESSIVE;
				CLANG_WARN_UNREACHABLE_CODE = YES;
				CLANG_WARN__DUPLICATE_METHOD_MATCH = YES;
				COPY_PHASE_STRIP = NO;
				DEBUG_INFORMATION_FORMAT = dwarf;
				ENABLE_STRICT_OBJC_MSGSEND = YES;
				ENABLE_TESTABILITY = YES;
				ENABLE_USER_SCRIPT_SANDBOXING = YES;
				GCC_C_LANGUAGE_STANDARD = gnu17;
				GCC_DYNAMIC_NO_PIC = NO;
				GCC_NO_COMMON_BLOCKS = YES;
				GCC_OPTIMIZATION_LEVEL = 0;
				GCC_PREPROCESSOR_DEFINITIONS = (
					"DEBUG=1",
					"$(inherited)",
				);
				GCC_WARN_64_TO_32_BIT_CONVERSION = YES;
				GCC_WARN_ABOUT_RETURN_TYPE = YES_ERROR;
				GCC_WARN_UNDECLARED_SELECTOR = YES;
				GCC_WARN_UNINITIALIZED_AUTOS = YES_AGGRESSIVE;
				GCC_WARN_UNUSED_FUNCTION = YES;
				GCC_WARN_UNUSED_VARIABLE = YES;
				IPHONEOS_DEPLOYMENT_TARGET = 17.2;
				LOCALIZATION_PREFERS_STRING_CATALOGS = YES;
				MTL_ENABLE_DEBUG_INFO = INCLUDE_SOURCE;
				MTL_FAST_MATH = YES;
				ONLY_ACTIVE_ARCH = YES;
				SDKROOT = iphoneos;
				SWIFT_ACTIVE_COMPILATION_CONDITIONS = "DEBUG $(inherited)";
				SWIFT_OPTIMIZATION_LEVEL = "-Onone";
			};
			name = Debug;
		};
		07D03BD82BA16A70002D7F86 /* Release */ = {
			isa = XCBuildConfiguration;
			buildSettings = {
				ALWAYS_SEARCH_USER_PATHS = NO;
				ASSETCATALOG_COMPILER_GENERATE_SWIFT_ASSET_SYMBOL_EXTENSIONS = YES;
				CLANG_ANALYZER_NONNULL = YES;
				CLANG_ANALYZER_NUMBER_OBJECT_CONVERSION = YES_AGGRESSIVE;
				CLANG_CXX_LANGUAGE_STANDARD = "gnu++20";
				CLANG_ENABLE_MODULES = YES;
				CLANG_ENABLE_OBJC_ARC = YES;
				CLANG_ENABLE_OBJC_WEAK = YES;
				CLANG_WARN_BLOCK_CAPTURE_AUTORELEASING = YES;
				CLANG_WARN_BOOL_CONVERSION = YES;
				CLANG_WARN_COMMA = YES;
				CLANG_WARN_CONSTANT_CONVERSION = YES;
				CLANG_WARN_DEPRECATED_OBJC_IMPLEMENTATIONS = YES;
				CLANG_WARN_DIRECT_OBJC_ISA_USAGE = YES_ERROR;
				CLANG_WARN_DOCUMENTATION_COMMENTS = YES;
				CLANG_WARN_EMPTY_BODY = YES;
				CLANG_WARN_ENUM_CONVERSION = YES;
				CLANG_WARN_INFINITE_RECURSION = YES;
				CLANG_WARN_INT_CONVERSION = YES;
				CLANG_WARN_NON_LITERAL_NULL_CONVERSION = YES;
				CLANG_WARN_OBJC_IMPLICIT_RETAIN_SELF = YES;
				CLANG_WARN_OBJC_LITERAL_CONVERSION = YES;
				CLANG_WARN_OBJC_ROOT_CLASS = YES_ERROR;
				CLANG_WARN_QUOTED_INCLUDE_IN_FRAMEWORK_HEADER = YES;
				CLANG_WARN_RANGE_LOOP_ANALYSIS = YES;
				CLANG_WARN_STRICT_PROTOTYPES = YES;
				CLANG_WARN_SUSPICIOUS_MOVE = YES;
				CLANG_WARN_UNGUARDED_AVAILABILITY = YES_AGGRESSIVE;
				CLANG_WARN_UNREACHABLE_CODE = YES;
				CLANG_WARN__DUPLICATE_METHOD_MATCH = YES;
				COPY_PHASE_STRIP = NO;
				DEBUG_INFORMATION_FORMAT = "dwarf-with-dsym";
				ENABLE_NS_ASSERTIONS = NO;
				ENABLE_STRICT_OBJC_MSGSEND = YES;
				ENABLE_USER_SCRIPT_SANDBOXING = YES;
				GCC_C_LANGUAGE_STANDARD = gnu17;
				GCC_NO_COMMON_BLOCKS = YES;
				GCC_WARN_64_TO_32_BIT_CONVERSION = YES;
				GCC_WARN_ABOUT_RETURN_TYPE = YES_ERROR;
				GCC_WARN_UNDECLARED_SELECTOR = YES;
				GCC_WARN_UNINITIALIZED_AUTOS = YES_AGGRESSIVE;
				GCC_WARN_UNUSED_FUNCTION = YES;
				GCC_WARN_UNUSED_VARIABLE = YES;
				IPHONEOS_DEPLOYMENT_TARGET = 17.2;
				LOCALIZATION_PREFERS_STRING_CATALOGS = YES;
				MTL_ENABLE_DEBUG_INFO = NO;
				MTL_FAST_MATH = YES;
				SDKROOT = iphoneos;
				SWIFT_COMPILATION_MODE = wholemodule;
				VALIDATE_PRODUCT = YES;
			};
			name = Release;
		};
		07D03BDA2BA16A70002D7F86 /* Debug */ = {
			isa = XCBuildConfiguration;
			buildSettings = {
				ALWAYS_EMBED_SWIFT_STANDARD_LIBRARIES = YES;
				ASSETCATALOG_COMPILER_APPICON_NAME = AppIcon;
				ASSETCATALOG_COMPILER_GLOBAL_ACCENT_COLOR_NAME = AccentColor;
				CODE_SIGN_ENTITLEMENTS = Todo/Todo.entitlements;
				CODE_SIGN_STYLE = Automatic;
				CURRENT_PROJECT_VERSION = 1;
				DEVELOPMENT_ASSET_PATHS = "\"Todo/Preview Content\"";
				DEVELOPMENT_TEAM = V2Y44YUYV5;
				ENABLE_PREVIEWS = YES;
				GENERATE_INFOPLIST_FILE = YES;
				INFOPLIST_KEY_UIApplicationSceneManifest_Generation = YES;
				INFOPLIST_KEY_UIApplicationSupportsIndirectInputEvents = YES;
				INFOPLIST_KEY_UILaunchScreen_Generation = YES;
				INFOPLIST_KEY_UISupportedInterfaceOrientations_iPad = "UIInterfaceOrientationPortrait UIInterfaceOrientationPortraitUpsideDown UIInterfaceOrientationLandscapeLeft UIInterfaceOrientationLandscapeRight";
				INFOPLIST_KEY_UISupportedInterfaceOrientations_iPhone = "UIInterfaceOrientationPortrait UIInterfaceOrientationLandscapeLeft UIInterfaceOrientationLandscapeRight";
				LD_RUNPATH_SEARCH_PATHS = (
					"$(inherited)",
					"@executable_path/Frameworks",
				);
				MARKETING_VERSION = 1.0;
				PRODUCT_BUNDLE_IDENTIFIER = com.sihyuuun.Todo;
				PRODUCT_NAME = "$(TARGET_NAME)";
				SWIFT_EMIT_LOC_STRINGS = YES;
				SWIFT_VERSION = 5.0;
				TARGETED_DEVICE_FAMILY = "1,2";
			};
			name = Debug;
		};
		07D03BDB2BA16A70002D7F86 /* Release */ = {
			isa = XCBuildConfiguration;
			buildSettings = {
				ALWAYS_EMBED_SWIFT_STANDARD_LIBRARIES = YES;
				ASSETCATALOG_COMPILER_APPICON_NAME = AppIcon;
				ASSETCATALOG_COMPILER_GLOBAL_ACCENT_COLOR_NAME = AccentColor;
				CODE_SIGN_ENTITLEMENTS = Todo/Todo.entitlements;
				CODE_SIGN_STYLE = Automatic;
				CURRENT_PROJECT_VERSION = 1;
				DEVELOPMENT_ASSET_PATHS = "\"Todo/Preview Content\"";
				DEVELOPMENT_TEAM = V2Y44YUYV5;
				ENABLE_PREVIEWS = YES;
				GENERATE_INFOPLIST_FILE = YES;
				INFOPLIST_KEY_UIApplicationSceneManifest_Generation = YES;
				INFOPLIST_KEY_UIApplicationSupportsIndirectInputEvents = YES;
				INFOPLIST_KEY_UILaunchScreen_Generation = YES;
				INFOPLIST_KEY_UISupportedInterfaceOrientations_iPad = "UIInterfaceOrientationPortrait UIInterfaceOrientationPortraitUpsideDown UIInterfaceOrientationLandscapeLeft UIInterfaceOrientationLandscapeRight";
				INFOPLIST_KEY_UISupportedInterfaceOrientations_iPhone = "UIInterfaceOrientationPortrait UIInterfaceOrientationLandscapeLeft UIInterfaceOrientationLandscapeRight";
				LD_RUNPATH_SEARCH_PATHS = (
					"$(inherited)",
					"@executable_path/Frameworks",
				);
				MARKETING_VERSION = 1.0;
				PRODUCT_BUNDLE_IDENTIFIER = com.sihyuuun.Todo;
				PRODUCT_NAME = "$(TARGET_NAME)";
				SWIFT_EMIT_LOC_STRINGS = YES;
				SWIFT_VERSION = 5.0;
				TARGETED_DEVICE_FAMILY = "1,2";
			};
			name = Release;
		};
/* End XCBuildConfiguration section */

/* Begin XCConfigurationList section */
		076AB0DB2BA2BE2400142F2F /* Build configuration list for PBXNativeTarget "TodoListExtension" */ = {
			isa = XCConfigurationList;
			buildConfigurations = (
				076AB0D92BA2BE2400142F2F /* Debug */,
				076AB0DA2BA2BE2400142F2F /* Release */,
			);
			defaultConfigurationIsVisible = 0;
			defaultConfigurationName = Release;
		};
		07D03BC62BA16A6D002D7F86 /* Build configuration list for PBXProject "Todo" */ = {
			isa = XCConfigurationList;
			buildConfigurations = (
				07D03BD72BA16A70002D7F86 /* Debug */,
				07D03BD82BA16A70002D7F86 /* Release */,
			);
			defaultConfigurationIsVisible = 0;
			defaultConfigurationName = Release;
		};
		07D03BD92BA16A70002D7F86 /* Build configuration list for PBXNativeTarget "Todo" */ = {
			isa = XCConfigurationList;
			buildConfigurations = (
				07D03BDA2BA16A70002D7F86 /* Debug */,
				07D03BDB2BA16A70002D7F86 /* Release */,
			);
			defaultConfigurationIsVisible = 0;
			defaultConfigurationName = Release;
		};
/* End XCConfigurationList section */
	};
	rootObject = 07D03BC32BA16A6D002D7F86 /* Project object */;
}
